# This file is autogenerated, do not edit; changes may be undone by the next 'dep ensure'.


[[projects]]
  digest = "1:3b2847f743a86c7f905565758facc82dbf9a9f229cd65674ed2d62339563b8a5"
  name = "github.com/akito0107/xsqlparser"
  packages = [
    ".",
    "astutil",
    "dialect",
    "sqlast",
  ]
  pruneopts = "UT"
  revision = "da1376272c5a924a43b8c6e110a1e092408c35b5"
  version = "v1.0.0-alpha.4"

[[projects]]
  branch = "master"
  digest = "1:7b5ce208ea2ca1f96322e6a5b616839fe49ea798648a013039f300475a1aadfc"
  name = "golang.org/x/xerrors"
  packages = [
    ".",
    "internal",
  ]
  pruneopts = "UT"
  revision = "a985d3407aa71f30cf86696ee0a2f409709f22e1"

[solve-meta]
  analyzer-name = "dep"
  analyzer-version = 1
  input-imports = [
    "github.com/akito0107/xsqlparser",
    "github.com/akito0107/xsqlparser/astutil",
    "github.com/akito0107/xsqlparser/dialect",
    "github.com/akito0107/xsqlparser/sqlast",
  ]
  solver-name = "gps-cdcl"
  solver-version = 1
