# This file is autogenerated, do not edit; changes may be undone by the next 'dep ensure'.


[[projects]]
  digest = "1:5d73948f50d79f1c95047f615f9b4b40001f78afe66934b96819c95fbef09423"
  name = "github.com/akito0107/xsqlparser"
  packages = [
    ".",
    "dialect",
    "sqlast",
  ]
  pruneopts = "UT"
  revision = "e90053cbc217b71d9aa3131229efd4f44cdd8b0f"
  version = "v1.0.0-alpha.2"

[[projects]]
  branch = "master"
  digest = "1:7b5ce208ea2ca1f96322e6a5b616839fe49ea798648a013039f300475a1aadfc"
  name = "golang.org/x/xerrors"
  packages = [
    ".",
    "internal",
  ]
  pruneopts = "UT"
  revision = "a985d3407aa71f30cf86696ee0a2f409709f22e1"

[solve-meta]
  analyzer-name = "dep"
  analyzer-version = 1
  input-imports = [
    "github.com/akito0107/xsqlparser",
    "github.com/akito0107/xsqlparser/dialect",
  ]
  solver-name = "gps-cdcl"
  solver-version = 1
